
Microsoft Visual Studio Solution File, Format Version 12.00
# Visual Studio 2017
Project("{FAE04EC0-301F-11D3-BF4B-00C04F79EFBC}") = "ConferenceManagement.Console", "ConferenceManagement.Console.csproj", "{0B6281B1-A50A-4D23-BA59-CEE16C1583F1}"
EndProject
Project("{FAE04EC0-301F-11D3-BF4B-00C04F79EFBC}") = "ConferenceManagement.Domain", "..\ConferenceManagement.Domain\ConferenceManagement.Domain.csproj", "{6AC6BC75-AA6D-40DB-A367-1B04279FAB20}"
EndProject
Global
	GlobalSection(SolutionConfigurationPlatforms) = preSolution
		Debug|Any CPU = Debug|Any CPU
		Release|Any CPU = Release|Any CPU
	EndGlobalSection
	GlobalSection(ProjectConfigurationPlatforms) = postSolution
		{0B6281B1-A50A-4D23-BA59-CEE16C1583F1}.Debug|Any CPU.ActiveCfg = Debug|Any CPU
		{0B6281B1-A50A-4D23-BA59-CEE16C1583F1}.Debug|Any CPU.Build.0 = Debug|Any CPU
		{0B6281B1-A50A-4D23-BA59-CEE16C1583F1}.Release|Any CPU.ActiveCfg = Release|Any CPU
		{0B6281B1-A50A-4D23-BA59-CEE16C1583F1}.Release|Any CPU.Build.0 = Release|Any CPU
		{6AC6BC75-AA6D-40DB-A367-1B04279FAB20}.Debug|Any CPU.ActiveCfg = Debug|Any CPU
		{6AC6BC75-AA6D-40DB-A367-1B04279FAB20}.Debug|Any CPU.Build.0 = Debug|Any CPU
		{6AC6BC75-AA6D-40DB-A367-1B04279FAB20}.Release|Any CPU.ActiveCfg = Release|Any CPU
		{6AC6BC75-AA6D-40DB-A367-1B04279FAB20}.Release|Any CPU.Build.0 = Release|Any CPU
	EndGlobalSection
EndGlobal
